// !$*UTF8*$!
{
	archiveVersion = 1;
	classes = {
	};
	objectVersion = 50;
	objects = {

/* Begin PBXBuildFile section */
		44B45624A5684A1BF1100123 /* libPods-Carbon.a in Frameworks */ = {isa = PBXBuildFile; fileRef = B3EB10213AC6A4BD5EF64996 /* libPods-Carbon.a */; };
		B45276EB26D36946003DC3C8 /* AppDelegate.swift in Sources */ = {isa = PBXBuildFile; fileRef = B45276EA26D36946003DC3C8 /* AppDelegate.swift */; };
		B45276ED26D36946003DC3C8 /* SceneDelegate.swift in Sources */ = {isa = PBXBuildFile; fileRef = B45276EC26D36946003DC3C8 /* SceneDelegate.swift */; };
		B45276EF26D36946003DC3C8 /* OnboardingViewController.swift in Sources */ = {isa = PBXBuildFile; fileRef = B45276EE26D36946003DC3C8 /* OnboardingViewController.swift */; };
		B45276F426D36948003DC3C8 /* Assets.xcassets in Resources */ = {isa = PBXBuildFile; fileRef = B45276F326D36948003DC3C8 /* Assets.xcassets */; };
		B45276F726D36948003DC3C8 /* LaunchScreen.storyboard in Resources */ = {isa = PBXBuildFile; fileRef = B45276F526D36948003DC3C8 /* LaunchScreen.storyboard */; };
		B452770B26D43ECE003DC3C8 /* NewAccountViewController.swift in Sources */ = {isa = PBXBuildFile; fileRef = B452770A26D43ECE003DC3C8 /* NewAccountViewController.swift */; };
		B452770D26D4595E003DC3C8 /* UIView+Extension.swift in Sources */ = {isa = PBXBuildFile; fileRef = B452770C26D4595E003DC3C8 /* UIView+Extension.swift */; };
		B452771426D4B019003DC3C8 /* PageModel.swift in Sources */ = {isa = PBXBuildFile; fileRef = B452771326D4B019003DC3C8 /* PageModel.swift */; };
		B452771826D4B293003DC3C8 /* PageCell.swift in Sources */ = {isa = PBXBuildFile; fileRef = B452771726D4B293003DC3C8 /* PageCell.swift */; };
		B452771A26D585F7003DC3C8 /* SignInViewController.swift in Sources */ = {isa = PBXBuildFile; fileRef = B452771926D585F7003DC3C8 /* SignInViewController.swift */; };
		B452771C26D5A808003DC3C8 /* PersonalDetailsViewController.swift in Sources */ = {isa = PBXBuildFile; fileRef = B452771B26D5A808003DC3C8 /* PersonalDetailsViewController.swift */; };
		B4816E5A26D661170046C334 /* page1.json in Resources */ = {isa = PBXBuildFile; fileRef = B4816E5926D661170046C334 /* page1.json */; };
		B4816E6026D6E5070046C334 /* LoginResponseModel.swift in Sources */ = {isa = PBXBuildFile; fileRef = B4816E5F26D6E5070046C334 /* LoginResponseModel.swift */; };
		B4816E6326D6E7760046C334 /* LoginRequestModel.swift in Sources */ = {isa = PBXBuildFile; fileRef = B4816E6226D6E7760046C334 /* LoginRequestModel.swift */; };
		B4816E6626D6F2440046C334 /* LoginValidation.swift in Sources */ = {isa = PBXBuildFile; fileRef = B4816E6526D6F2440046C334 /* LoginValidation.swift */; };
		B4816E6826D6F2960046C334 /* ValidationResult.swift in Sources */ = {isa = PBXBuildFile; fileRef = B4816E6726D6F2960046C334 /* ValidationResult.swift */; };
		B4816E6C26D7A2DD0046C334 /* SignUpValidation.swift in Sources */ = {isa = PBXBuildFile; fileRef = B4816E6B26D7A2DD0046C334 /* SignUpValidation.swift */; };
		B4816E6E26D7A31A0046C334 /* LoginViewModel.swift in Sources */ = {isa = PBXBuildFile; fileRef = B4816E6D26D7A31A0046C334 /* LoginViewModel.swift */; };
		B4816E7126D7A41A0046C334 /* SignUpRequest.swift in Sources */ = {isa = PBXBuildFile; fileRef = B4816E7026D7A41A0046C334 /* SignUpRequest.swift */; };
		B4816E7426D7A5650046C334 /* LoginResource.swift in Sources */ = {isa = PBXBuildFile; fileRef = B4816E7326D7A5650046C334 /* LoginResource.swift */; };
		B4816E7826D7A6350046C334 /* Common.swift in Sources */ = {isa = PBXBuildFile; fileRef = B4816E7726D7A6350046C334 /* Common.swift */; };
		B4816E7A26D7A68E0046C334 /* UserDefaultUtility.swift in Sources */ = {isa = PBXBuildFile; fileRef = B4816E7926D7A68E0046C334 /* UserDefaultUtility.swift */; };
		B4816E7D26D7A7100046C334 /* HTTPUtility.swift in Sources */ = {isa = PBXBuildFile; fileRef = B4816E7C26D7A7100046C334 /* HTTPUtility.swift */; };
		B4816E7F26D7A77D0046C334 /* AlertService.swift in Sources */ = {isa = PBXBuildFile; fileRef = B4816E7E26D7A77D0046C334 /* AlertService.swift */; };
		B4816E8226D7AA710046C334 /* SignInViewControllerExtension.swift in Sources */ = {isa = PBXBuildFile; fileRef = B4816E8126D7AA710046C334 /* SignInViewControllerExtension.swift */; };
		B4816E8426D7D1550046C334 /* SignUpResponse.swift in Sources */ = {isa = PBXBuildFile; fileRef = B4816E8326D7D1550046C334 /* SignUpResponse.swift */; };
		B4816E8626D7D2B60046C334 /* NewAccountViewControllerExtension.swift in Sources */ = {isa = PBXBuildFile; fileRef = B4816E8526D7D2B60046C334 /* NewAccountViewControllerExtension.swift */; };
		B4816E8826D7D4380046C334 /* SignUpResource.swift in Sources */ = {isa = PBXBuildFile; fileRef = B4816E8726D7D4380046C334 /* SignUpResource.swift */; };
		B4816E8A26D7DDAF0046C334 /* SignUpViewModel.swift in Sources */ = {isa = PBXBuildFile; fileRef = B4816E8926D7DDAF0046C334 /* SignUpViewModel.swift */; };
/* End PBXBuildFile section */

/* Begin PBXFileReference section */
		0AE3D3BFBCD0996F9F6F5602 /* Pods-Carbon.release.xcconfig */ = {isa = PBXFileReference; includeInIndex = 1; lastKnownFileType = text.xcconfig; name = "Pods-Carbon.release.xcconfig"; path = "Target Support Files/Pods-Carbon/Pods-Carbon.release.xcconfig"; sourceTree = "<group>"; };
		B3EB10213AC6A4BD5EF64996 /* libPods-Carbon.a */ = {isa = PBXFileReference; explicitFileType = archive.ar; includeInIndex = 0; path = "libPods-Carbon.a"; sourceTree = BUILT_PRODUCTS_DIR; };
		B45276E726D36946003DC3C8 /* Carbon.app */ = {isa = PBXFileReference; explicitFileType = wrapper.application; includeInIndex = 0; path = Carbon.app; sourceTree = BUILT_PRODUCTS_DIR; };
		B45276EA26D36946003DC3C8 /* AppDelegate.swift */ = {isa = PBXFileReference; lastKnownFileType = sourcecode.swift; path = AppDelegate.swift; sourceTree = "<group>"; };
		B45276EC26D36946003DC3C8 /* SceneDelegate.swift */ = {isa = PBXFileReference; lastKnownFileType = sourcecode.swift; path = SceneDelegate.swift; sourceTree = "<group>"; };
		B45276EE26D36946003DC3C8 /* OnboardingViewController.swift */ = {isa = PBXFileReference; lastKnownFileType = sourcecode.swift; path = OnboardingViewController.swift; sourceTree = "<group>"; };
		B45276F326D36948003DC3C8 /* Assets.xcassets */ = {isa = PBXFileReference; lastKnownFileType = folder.assetcatalog; path = Assets.xcassets; sourceTree = "<group>"; };
		B45276F626D36948003DC3C8 /* Base */ = {isa = PBXFileReference; lastKnownFileType = file.storyboard; name = Base; path = Base.lproj/LaunchScreen.storyboard; sourceTree = "<group>"; };
		B45276F826D36948003DC3C8 /* Info.plist */ = {isa = PBXFileReference; lastKnownFileType = text.plist.xml; path = Info.plist; sourceTree = "<group>"; };
		B452770A26D43ECE003DC3C8 /* NewAccountViewController.swift */ = {isa = PBXFileReference; lastKnownFileType = sourcecode.swift; path = NewAccountViewController.swift; sourceTree = "<group>"; };
		B452770C26D4595E003DC3C8 /* UIView+Extension.swift */ = {isa = PBXFileReference; lastKnownFileType = sourcecode.swift; path = "UIView+Extension.swift"; sourceTree = "<group>"; };
		B452771326D4B019003DC3C8 /* PageModel.swift */ = {isa = PBXFileReference; lastKnownFileType = sourcecode.swift; path = PageModel.swift; sourceTree = "<group>"; };
		B452771726D4B293003DC3C8 /* PageCell.swift */ = {isa = PBXFileReference; lastKnownFileType = sourcecode.swift; path = PageCell.swift; sourceTree = "<group>"; };
		B452771926D585F7003DC3C8 /* SignInViewController.swift */ = {isa = PBXFileReference; lastKnownFileType = sourcecode.swift; path = SignInViewController.swift; sourceTree = "<group>"; };
		B452771B26D5A808003DC3C8 /* PersonalDetailsViewController.swift */ = {isa = PBXFileReference; lastKnownFileType = sourcecode.swift; path = PersonalDetailsViewController.swift; sourceTree = "<group>"; };
		B4816E5926D661170046C334 /* page1.json */ = {isa = PBXFileReference; fileEncoding = 4; lastKnownFileType = text.json; path = page1.json; sourceTree = "<group>"; };
		B4816E5F26D6E5070046C334 /* LoginResponseModel.swift */ = {isa = PBXFileReference; lastKnownFileType = sourcecode.swift; path = LoginResponseModel.swift; sourceTree = "<group>"; };
		B4816E6226D6E7760046C334 /* LoginRequestModel.swift */ = {isa = PBXFileReference; lastKnownFileType = sourcecode.swift; path = LoginRequestModel.swift; sourceTree = "<group>"; };
		B4816E6526D6F2440046C334 /* LoginValidation.swift */ = {isa = PBXFileReference; lastKnownFileType = sourcecode.swift; path = LoginValidation.swift; sourceTree = "<group>"; };
		B4816E6726D6F2960046C334 /* ValidationResult.swift */ = {isa = PBXFileReference; lastKnownFileType = sourcecode.swift; path = ValidationResult.swift; sourceTree = "<group>"; };
		B4816E6B26D7A2DD0046C334 /* SignUpValidation.swift */ = {isa = PBXFileReference; lastKnownFileType = sourcecode.swift; path = SignUpValidation.swift; sourceTree = "<group>"; };
		B4816E6D26D7A31A0046C334 /* LoginViewModel.swift */ = {isa = PBXFileReference; lastKnownFileType = sourcecode.swift; path = LoginViewModel.swift; sourceTree = "<group>"; };
		B4816E7026D7A41A0046C334 /* SignUpRequest.swift */ = {isa = PBXFileReference; lastKnownFileType = sourcecode.swift; path = SignUpRequest.swift; sourceTree = "<group>"; };
		B4816E7326D7A5650046C334 /* LoginResource.swift */ = {isa = PBXFileReference; lastKnownFileType = sourcecode.swift; path = LoginResource.swift; sourceTree = "<group>"; };
		B4816E7726D7A6350046C334 /* Common.swift */ = {isa = PBXFileReference; lastKnownFileType = sourcecode.swift; path = Common.swift; sourceTree = "<group>"; };
		B4816E7926D7A68E0046C334 /* UserDefaultUtility.swift */ = {isa = PBXFileReference; lastKnownFileType = sourcecode.swift; path = UserDefaultUtility.swift; sourceTree = "<group>"; };
		B4816E7C26D7A7100046C334 /* HTTPUtility.swift */ = {isa = PBXFileReference; lastKnownFileType = sourcecode.swift; path = HTTPUtility.swift; sourceTree = "<group>"; };
		B4816E7E26D7A77D0046C334 /* AlertService.swift */ = {isa = PBXFileReference; lastKnownFileType = sourcecode.swift; path = AlertService.swift; sourceTree = "<group>"; };
		B4816E8126D7AA710046C334 /* SignInViewControllerExtension.swift */ = {isa = PBXFileReference; lastKnownFileType = sourcecode.swift; path = SignInViewControllerExtension.swift; sourceTree = "<group>"; };
		B4816E8326D7D1550046C334 /* SignUpResponse.swift */ = {isa = PBXFileReference; lastKnownFileType = sourcecode.swift; path = SignUpResponse.swift; sourceTree = "<group>"; };
		B4816E8526D7D2B60046C334 /* NewAccountViewControllerExtension.swift */ = {isa = PBXFileReference; lastKnownFileType = sourcecode.swift; path = NewAccountViewControllerExtension.swift; sourceTree = "<group>"; };
		B4816E8726D7D4380046C334 /* SignUpResource.swift */ = {isa = PBXFileReference; lastKnownFileType = sourcecode.swift; path = SignUpResource.swift; sourceTree = "<group>"; };
		B4816E8926D7DDAF0046C334 /* SignUpViewModel.swift */ = {isa = PBXFileReference; lastKnownFileType = sourcecode.swift; path = SignUpViewModel.swift; sourceTree = "<group>"; };
		DE2B864A6B2B7184B30AB94F /* Pods-Carbon.debug.xcconfig */ = {isa = PBXFileReference; includeInIndex = 1; lastKnownFileType = text.xcconfig; name = "Pods-Carbon.debug.xcconfig"; path = "Target Support Files/Pods-Carbon/Pods-Carbon.debug.xcconfig"; sourceTree = "<group>"; };
/* End PBXFileReference section */

/* Begin PBXFrameworksBuildPhase section */
		B45276E426D36946003DC3C8 /* Frameworks */ = {
			isa = PBXFrameworksBuildPhase;
			buildActionMask = 2147483647;
			files = (
				44B45624A5684A1BF1100123 /* libPods-Carbon.a in Frameworks */,
			);
			runOnlyForDeploymentPostprocessing = 0;
		};
/* End PBXFrameworksBuildPhase section */

/* Begin PBXGroup section */
		0FBEDD249CFFBD6CC57642FB /* Frameworks */ = {
			isa = PBXGroup;
			children = (
				B3EB10213AC6A4BD5EF64996 /* libPods-Carbon.a */,
			);
			name = Frameworks;
			sourceTree = "<group>";
		};
		211AE8B5BC969939C3379A9C /* Pods */ = {
			isa = PBXGroup;
			children = (
				DE2B864A6B2B7184B30AB94F /* Pods-Carbon.debug.xcconfig */,
				0AE3D3BFBCD0996F9F6F5602 /* Pods-Carbon.release.xcconfig */,
			);
			path = Pods;
			sourceTree = "<group>";
		};
		B45276DE26D36946003DC3C8 = {
			isa = PBXGroup;
			children = (
				B45276E926D36946003DC3C8 /* Carbon */,
				B45276E826D36946003DC3C8 /* Products */,
				211AE8B5BC969939C3379A9C /* Pods */,
				0FBEDD249CFFBD6CC57642FB /* Frameworks */,
			);
			sourceTree = "<group>";
		};
		B45276E826D36946003DC3C8 /* Products */ = {
			isa = PBXGroup;
			children = (
				B45276E726D36946003DC3C8 /* Carbon.app */,
			);
			name = Products;
			sourceTree = "<group>";
		};
		B45276E926D36946003DC3C8 /* Carbon */ = {
			isa = PBXGroup;
			children = (
				B4816E7B26D7A6E40046C334 /* Services */,
				B4816E7526D7A5E30046C334 /* Common */,
				B4816E7226D7A5140046C334 /* Data Resource */,
				B4816E6426D6F1920046C334 /* Validation */,
				B452771226D4AFBC003DC3C8 /* ViewModels */,
				B452770326D42ADE003DC3C8 /* Application Delegates */,
				B452771126D4AF7E003DC3C8 /* Models */,
				B452770426D42AFF003DC3C8 /* Views */,
				B452770126D3F735003DC3C8 /* Supporting FIles */,
				B45276FE26D36DD8003DC3C8 /* Resources */,
			);
			path = Carbon;
			sourceTree = "<group>";
		};
		B45276FE26D36DD8003DC3C8 /* Resources */ = {
			isa = PBXGroup;
			children = (
				B4816E5926D661170046C334 /* page1.json */,
				B45276F326D36948003DC3C8 /* Assets.xcassets */,
			);
			path = Resources;
			sourceTree = "<group>";
		};
		B452770126D3F735003DC3C8 /* Supporting FIles */ = {
			isa = PBXGroup;
			children = (
				B45276F826D36948003DC3C8 /* Info.plist */,
			);
			path = "Supporting FIles";
			sourceTree = "<group>";
		};
		B452770326D42ADE003DC3C8 /* Application Delegates */ = {
			isa = PBXGroup;
			children = (
				B45276EC26D36946003DC3C8 /* SceneDelegate.swift */,
				B45276EA26D36946003DC3C8 /* AppDelegate.swift */,
			);
			path = "Application Delegates";
			sourceTree = "<group>";
		};
		B452770426D42AFF003DC3C8 /* Views */ = {
			isa = PBXGroup;
			children = (
				B452771626D4B22A003DC3C8 /* Controller */,
				B452771526D4B09B003DC3C8 /* View + Extension */,
				B452770526D42B1C003DC3C8 /* Launch Screen */,
				B452771726D4B293003DC3C8 /* PageCell.swift */,
			);
			path = Views;
			sourceTree = "<group>";
		};
		B452770526D42B1C003DC3C8 /* Launch Screen */ = {
			isa = PBXGroup;
			children = (
				B45276F526D36948003DC3C8 /* LaunchScreen.storyboard */,
			);
			path = "Launch Screen";
			sourceTree = "<group>";
		};
		B452771126D4AF7E003DC3C8 /* Models */ = {
			isa = PBXGroup;
			children = (
				B452771326D4B019003DC3C8 /* PageModel.swift */,
				B4816E6F26D7A3820046C334 /* SignUpPageModel */,
				B4816E6126D6E60F0046C334 /* Login Page Model */,
			);
			path = Models;
			sourceTree = "<group>";
		};
		B452771226D4AFBC003DC3C8 /* ViewModels */ = {
			isa = PBXGroup;
			children = (
				B4816E6D26D7A31A0046C334 /* LoginViewModel.swift */,
				B4816E8926D7DDAF0046C334 /* SignUpViewModel.swift */,
			);
			path = ViewModels;
			sourceTree = "<group>";
		};
		B452771526D4B09B003DC3C8 /* View + Extension */ = {
			isa = PBXGroup;
			children = (
				B452770C26D4595E003DC3C8 /* UIView+Extension.swift */,
			);
			path = "View + Extension";
			sourceTree = "<group>";
		};
		B452771626D4B22A003DC3C8 /* Controller */ = {
			isa = PBXGroup;
			children = (
				B4816E8026D7AA040046C334 /* Controller + Extension */,
				B45276EE26D36946003DC3C8 /* OnboardingViewController.swift */,
				B452770A26D43ECE003DC3C8 /* NewAccountViewController.swift */,
				B452771926D585F7003DC3C8 /* SignInViewController.swift */,
				B452771B26D5A808003DC3C8 /* PersonalDetailsViewController.swift */,
			);
			path = Controller;
			sourceTree = "<group>";
		};
		B4816E6126D6E60F0046C334 /* Login Page Model */ = {
			isa = PBXGroup;
			children = (
				B4816E6226D6E7760046C334 /* LoginRequestModel.swift */,
				B4816E5F26D6E5070046C334 /* LoginResponseModel.swift */,
			);
			path = "Login Page Model";
			sourceTree = "<group>";
		};
		B4816E6426D6F1920046C334 /* Validation */ = {
			isa = PBXGroup;
			children = (
				B4816E6526D6F2440046C334 /* LoginValidation.swift */,
				B4816E6726D6F2960046C334 /* ValidationResult.swift */,
				B4816E6B26D7A2DD0046C334 /* SignUpValidation.swift */,
			);
			path = Validation;
			sourceTree = "<group>";
		};
		B4816E6F26D7A3820046C334 /* SignUpPageModel */ = {
			isa = PBXGroup;
			children = (
				B4816E7026D7A41A0046C334 /* SignUpRequest.swift */,
				B4816E8326D7D1550046C334 /* SignUpResponse.swift */,
			);
			path = SignUpPageModel;
			sourceTree = "<group>";
		};
		B4816E7226D7A5140046C334 /* Data Resource */ = {
			isa = PBXGroup;
			children = (
				B4816E7326D7A5650046C334 /* LoginResource.swift */,
				B4816E8726D7D4380046C334 /* SignUpResource.swift */,
			);
			path = "Data Resource";
			sourceTree = "<group>";
		};
		B4816E7526D7A5E30046C334 /* Common */ = {
			isa = PBXGroup;
			children = (
				B4816E7626D7A6070046C334 /* Utility */,
				B4816E7726D7A6350046C334 /* Common.swift */,
			);
			path = Common;
			sourceTree = "<group>";
		};
		B4816E7626D7A6070046C334 /* Utility */ = {
			isa = PBXGroup;
			children = (
				B4816E7926D7A68E0046C334 /* UserDefaultUtility.swift */,
			);
			path = Utility;
			sourceTree = "<group>";
		};
		B4816E7B26D7A6E40046C334 /* Services */ = {
			isa = PBXGroup;
			children = (
				B4816E7C26D7A7100046C334 /* HTTPUtility.swift */,
				B4816E7E26D7A77D0046C334 /* AlertService.swift */,
			);
			path = Services;
			sourceTree = "<group>";
		};
		B4816E8026D7AA040046C334 /* Controller + Extension */ = {
			isa = PBXGroup;
			children = (
				B4816E8126D7AA710046C334 /* SignInViewControllerExtension.swift */,
				B4816E8526D7D2B60046C334 /* NewAccountViewControllerExtension.swift */,
			);
			path = "Controller + Extension";
			sourceTree = "<group>";
		};
/* End PBXGroup section */

/* Begin PBXNativeTarget section */
		B45276E626D36946003DC3C8 /* Carbon */ = {
			isa = PBXNativeTarget;
			buildConfigurationList = B45276FB26D36948003DC3C8 /* Build configuration list for PBXNativeTarget "Carbon" */;
			buildPhases = (
				C0798F54F02CCE1FE012917B /* [CP] Check Pods Manifest.lock */,
				B45276E326D36946003DC3C8 /* Sources */,
				B45276E426D36946003DC3C8 /* Frameworks */,
				B45276E526D36946003DC3C8 /* Resources */,
			);
			buildRules = (
			);
			dependencies = (
			);
			name = Carbon;
			productName = Carbon;
			productReference = B45276E726D36946003DC3C8 /* Carbon.app */;
			productType = "com.apple.product-type.application";
		};
/* End PBXNativeTarget section */

/* Begin PBXProject section */
		B45276DF26D36946003DC3C8 /* Project object */ = {
			isa = PBXProject;
			attributes = {
				LastSwiftUpdateCheck = 1250;
				LastUpgradeCheck = 1250;
				TargetAttributes = {
					B45276E626D36946003DC3C8 = {
						CreatedOnToolsVersion = 12.5.1;
					};
				};
			};
			buildConfigurationList = B45276E226D36946003DC3C8 /* Build configuration list for PBXProject "Carbon" */;
			compatibilityVersion = "Xcode 9.3";
			developmentRegion = en;
			hasScannedForEncodings = 0;
			knownRegions = (
				en,
				Base,
			);
			mainGroup = B45276DE26D36946003DC3C8;
			productRefGroup = B45276E826D36946003DC3C8 /* Products */;
			projectDirPath = "";
			projectRoot = "";
			targets = (
				B45276E626D36946003DC3C8 /* Carbon */,
			);
		};
/* End PBXProject section */

/* Begin PBXResourcesBuildPhase section */
		B45276E526D36946003DC3C8 /* Resources */ = {
			isa = PBXResourcesBuildPhase;
			buildActionMask = 2147483647;
			files = (
				B4816E5A26D661170046C334 /* page1.json in Resources */,
				B45276F726D36948003DC3C8 /* LaunchScreen.storyboard in Resources */,
				B45276F426D36948003DC3C8 /* Assets.xcassets in Resources */,
			);
			runOnlyForDeploymentPostprocessing = 0;
		};
/* End PBXResourcesBuildPhase section */

/* Begin PBXShellScriptBuildPhase section */
		C0798F54F02CCE1FE012917B /* [CP] Check Pods Manifest.lock */ = {
			isa = PBXShellScriptBuildPhase;
			buildActionMask = 2147483647;
			files = (
			);
			inputFileListPaths = (
			);
			inputPaths = (
				"${PODS_PODFILE_DIR_PATH}/Podfile.lock",
				"${PODS_ROOT}/Manifest.lock",
			);
			name = "[CP] Check Pods Manifest.lock";
			outputFileListPaths = (
			);
			outputPaths = (
				"$(DERIVED_FILE_DIR)/Pods-Carbon-checkManifestLockResult.txt",
			);
			runOnlyForDeploymentPostprocessing = 0;
			shellPath = /bin/sh;
			shellScript = "diff \"${PODS_PODFILE_DIR_PATH}/Podfile.lock\" \"${PODS_ROOT}/Manifest.lock\" > /dev/null\nif [ $? != 0 ] ; then\n    # print error to STDERR\n    echo \"error: The sandbox is not in sync with the Podfile.lock. Run 'pod install' or update your CocoaPods installation.\" >&2\n    exit 1\nfi\n# This output is used by Xcode 'outputs' to avoid re-running this script phase.\necho \"SUCCESS\" > \"${SCRIPT_OUTPUT_FILE_0}\"\n";
			showEnvVarsInLog = 0;
		};
/* End PBXShellScriptBuildPhase section */

/* Begin PBXSourcesBuildPhase section */
		B45276E326D36946003DC3C8 /* Sources */ = {
			isa = PBXSourcesBuildPhase;
			buildActionMask = 2147483647;
			files = (
				B4816E8426D7D1550046C334 /* SignUpResponse.swift in Sources */,
				B45276EF26D36946003DC3C8 /* OnboardingViewController.swift in Sources */,
				B4816E8826D7D4380046C334 /* SignUpResource.swift in Sources */,
				B4816E6826D6F2960046C334 /* ValidationResult.swift in Sources */,
				B4816E7A26D7A68E0046C334 /* UserDefaultUtility.swift in Sources */,
				B45276EB26D36946003DC3C8 /* AppDelegate.swift in Sources */,
				B45276ED26D36946003DC3C8 /* SceneDelegate.swift in Sources */,
				B4816E7826D7A6350046C334 /* Common.swift in Sources */,
				B4816E7126D7A41A0046C334 /* SignUpRequest.swift in Sources */,
				B4816E8626D7D2B60046C334 /* NewAccountViewControllerExtension.swift in Sources */,
				B4816E7426D7A5650046C334 /* LoginResource.swift in Sources */,
				B452770D26D4595E003DC3C8 /* UIView+Extension.swift in Sources */,
				B4816E6626D6F2440046C334 /* LoginValidation.swift in Sources */,
				B4816E6C26D7A2DD0046C334 /* SignUpValidation.swift in Sources */,
				B4816E8A26D7DDAF0046C334 /* SignUpViewModel.swift in Sources */,
				B452771A26D585F7003DC3C8 /* SignInViewController.swift in Sources */,
				B4816E6E26D7A31A0046C334 /* LoginViewModel.swift in Sources */,
				B452771C26D5A808003DC3C8 /* PersonalDetailsViewController.swift in Sources */,
				B4816E8226D7AA710046C334 /* SignInViewControllerExtension.swift in Sources */,
				B452771426D4B019003DC3C8 /* PageModel.swift in Sources */,
				B4816E6326D6E7760046C334 /* LoginRequestModel.swift in Sources */,
				B4816E7F26D7A77D0046C334 /* AlertService.swift in Sources */,
				B4816E7D26D7A7100046C334 /* HTTPUtility.swift in Sources */,
				B452770B26D43ECE003DC3C8 /* NewAccountViewController.swift in Sources */,
				B4816E6026D6E5070046C334 /* LoginResponseModel.swift in Sources */,
				B452771826D4B293003DC3C8 /* PageCell.swift in Sources */,
			);
			runOnlyForDeploymentPostprocessing = 0;
		};
/* End PBXSourcesBuildPhase section */

/* Begin PBXVariantGroup section */
		B45276F526D36948003DC3C8 /* LaunchScreen.storyboard */ = {
			isa = PBXVariantGroup;
			children = (
				B45276F626D36948003DC3C8 /* Base */,
			);
			name = LaunchScreen.storyboard;
			sourceTree = "<group>";
		};
/* End PBXVariantGroup section */

/* Begin XCBuildConfiguration section */
		B45276F926D36948003DC3C8 /* Debug */ = {
			isa = XCBuildConfiguration;
			buildSettings = {
				ALWAYS_SEARCH_USER_PATHS = NO;
				CLANG_ANALYZER_NONNULL = YES;
				CLANG_ANALYZER_NUMBER_OBJECT_CONVERSION = YES_AGGRESSIVE;
				CLANG_CXX_LANGUAGE_STANDARD = "gnu++14";
				CLANG_CXX_LIBRARY = "libc++";
				CLANG_ENABLE_MODULES = YES;
				CLANG_ENABLE_OBJC_ARC = YES;
				CLANG_ENABLE_OBJC_WEAK = YES;
				CLANG_WARN_BLOCK_CAPTURE_AUTORELEASING = YES;
				CLANG_WARN_BOOL_CONVERSION = YES;
				CLANG_WARN_COMMA = YES;
				CLANG_WARN_CONSTANT_CONVERSION = YES;
				CLANG_WARN_DEPRECATED_OBJC_IMPLEMENTATIONS = YES;
				CLANG_WARN_DIRECT_OBJC_ISA_USAGE = YES_ERROR;
				CLANG_WARN_DOCUMENTATION_COMMENTS = YES;
				CLANG_WARN_EMPTY_BODY = YES;
				CLANG_WARN_ENUM_CONVERSION = YES;
				CLANG_WARN_INFINITE_RECURSION = YES;
				CLANG_WARN_INT_CONVERSION = YES;
				CLANG_WARN_NON_LITERAL_NULL_CONVERSION = YES;
				CLANG_WARN_OBJC_IMPLICIT_RETAIN_SELF = YES;
				CLANG_WARN_OBJC_LITERAL_CONVERSION = YES;
				CLANG_WARN_OBJC_ROOT_CLASS = YES_ERROR;
				CLANG_WARN_QUOTED_INCLUDE_IN_FRAMEWORK_HEADER = YES;
				CLANG_WARN_RANGE_LOOP_ANALYSIS = YES;
				CLANG_WARN_STRICT_PROTOTYPES = YES;
				CLANG_WARN_SUSPICIOUS_MOVE = YES;
				CLANG_WARN_UNGUARDED_AVAILABILITY = YES_AGGRESSIVE;
				CLANG_WARN_UNREACHABLE_CODE = YES;
				CLANG_WARN__DUPLICATE_METHOD_MATCH = YES;
				COPY_PHASE_STRIP = NO;
				DEBUG_INFORMATION_FORMAT = dwarf;
				ENABLE_STRICT_OBJC_MSGSEND = YES;
				ENABLE_TESTABILITY = YES;
				GCC_C_LANGUAGE_STANDARD = gnu11;
				GCC_DYNAMIC_NO_PIC = NO;
				GCC_NO_COMMON_BLOCKS = YES;
				GCC_OPTIMIZATION_LEVEL = 0;
				GCC_PREPROCESSOR_DEFINITIONS = (
					"DEBUG=1",
					"$(inherited)",
				);
				GCC_WARN_64_TO_32_BIT_CONVERSION = YES;
				GCC_WARN_ABOUT_RETURN_TYPE = YES_ERROR;
				GCC_WARN_UNDECLARED_SELECTOR = YES;
				GCC_WARN_UNINITIALIZED_AUTOS = YES_AGGRESSIVE;
				GCC_WARN_UNUSED_FUNCTION = YES;
				GCC_WARN_UNUSED_VARIABLE = YES;
				IPHONEOS_DEPLOYMENT_TARGET = 14.5;
				MTL_ENABLE_DEBUG_INFO = INCLUDE_SOURCE;
				MTL_FAST_MATH = YES;
				ONLY_ACTIVE_ARCH = YES;
				SDKROOT = iphoneos;
				SWIFT_ACTIVE_COMPILATION_CONDITIONS = DEBUG;
				SWIFT_OPTIMIZATION_LEVEL = "-Onone";
			};
			name = Debug;
		};
		B45276FA26D36948003DC3C8 /* Release */ = {
			isa = XCBuildConfiguration;
			buildSettings = {
				ALWAYS_SEARCH_USER_PATHS = NO;
				CLANG_ANALYZER_NONNULL = YES;
				CLANG_ANALYZER_NUMBER_OBJECT_CONVERSION = YES_AGGRESSIVE;
				CLANG_CXX_LANGUAGE_STANDARD = "gnu++14";
				CLANG_CXX_LIBRARY = "libc++";
				CLANG_ENABLE_MODULES = YES;
				CLANG_ENABLE_OBJC_ARC = YES;
				CLANG_ENABLE_OBJC_WEAK = YES;
				CLANG_WARN_BLOCK_CAPTURE_AUTORELEASING = YES;
				CLANG_WARN_BOOL_CONVERSION = YES;
				CLANG_WARN_COMMA = YES;
				CLANG_WARN_CONSTANT_CONVERSION = YES;
				CLANG_WARN_DEPRECATED_OBJC_IMPLEMENTATIONS = YES;
				CLANG_WARN_DIRECT_OBJC_ISA_USAGE = YES_ERROR;
				CLANG_WARN_DOCUMENTATION_COMMENTS = YES;
				CLANG_WARN_EMPTY_BODY = YES;
				CLANG_WARN_ENUM_CONVERSION = YES;
				CLANG_WARN_INFINITE_RECURSION = YES;
				CLANG_WARN_INT_CONVERSION = YES;
				CLANG_WARN_NON_LITERAL_NULL_CONVERSION = YES;
				CLANG_WARN_OBJC_IMPLICIT_RETAIN_SELF = YES;
				CLANG_WARN_OBJC_LITERAL_CONVERSION = YES;
				CLANG_WARN_OBJC_ROOT_CLASS = YES_ERROR;
				CLANG_WARN_QUOTED_INCLUDE_IN_FRAMEWORK_HEADER = YES;
				CLANG_WARN_RANGE_LOOP_ANALYSIS = YES;
				CLANG_WARN_STRICT_PROTOTYPES = YES;
				CLANG_WARN_SUSPICIOUS_MOVE = YES;
				CLANG_WARN_UNGUARDED_AVAILABILITY = YES_AGGRESSIVE;
				CLANG_WARN_UNREACHABLE_CODE = YES;
				CLANG_WARN__DUPLICATE_METHOD_MATCH = YES;
				COPY_PHASE_STRIP = NO;
				DEBUG_INFORMATION_FORMAT = "dwarf-with-dsym";
				ENABLE_NS_ASSERTIONS = NO;
				ENABLE_STRICT_OBJC_MSGSEND = YES;
				GCC_C_LANGUAGE_STANDARD = gnu11;
				GCC_NO_COMMON_BLOCKS = YES;
				GCC_WARN_64_TO_32_BIT_CONVERSION = YES;
				GCC_WARN_ABOUT_RETURN_TYPE = YES_ERROR;
				GCC_WARN_UNDECLARED_SELECTOR = YES;
				GCC_WARN_UNINITIALIZED_AUTOS = YES_AGGRESSIVE;
				GCC_WARN_UNUSED_FUNCTION = YES;
				GCC_WARN_UNUSED_VARIABLE = YES;
				IPHONEOS_DEPLOYMENT_TARGET = 14.5;
				MTL_ENABLE_DEBUG_INFO = NO;
				MTL_FAST_MATH = YES;
				SDKROOT = iphoneos;
				SWIFT_COMPILATION_MODE = wholemodule;
				SWIFT_OPTIMIZATION_LEVEL = "-O";
				VALIDATE_PRODUCT = YES;
			};
			name = Release;
		};
		B45276FC26D36948003DC3C8 /* Debug */ = {
			isa = XCBuildConfiguration;
			baseConfigurationReference = DE2B864A6B2B7184B30AB94F /* Pods-Carbon.debug.xcconfig */;
			buildSettings = {
				ASSETCATALOG_COMPILER_APPICON_NAME = AppIcon;
				ASSETCATALOG_COMPILER_GLOBAL_ACCENT_COLOR_NAME = AccentColor;
				CODE_SIGN_STYLE = Automatic;
				DEVELOPMENT_TEAM = JM747B2SBG;
				INFOPLIST_FILE = "Carbon/Supporting Files/Info.plist";
				LD_RUNPATH_SEARCH_PATHS = (
					"$(inherited)",
					"@executable_path/Frameworks",
				);
				PRODUCT_BUNDLE_IDENTIFIER = kuppylee.Carbon;
				PRODUCT_NAME = "$(TARGET_NAME)";
				SWIFT_VERSION = 5.0;
				TARGETED_DEVICE_FAMILY = "1,2";
			};
			name = Debug;
		};
		B45276FD26D36948003DC3C8 /* Release */ = {
			isa = XCBuildConfiguration;
			baseConfigurationReference = 0AE3D3BFBCD0996F9F6F5602 /* Pods-Carbon.release.xcconfig */;
			buildSettings = {
				ASSETCATALOG_COMPILER_APPICON_NAME = AppIcon;
				ASSETCATALOG_COMPILER_GLOBAL_ACCENT_COLOR_NAME = AccentColor;
				CODE_SIGN_STYLE = Automatic;
				DEVELOPMENT_TEAM = JM747B2SBG;
				INFOPLIST_FILE = "Carbon/Supporting Files/Info.plist";
				LD_RUNPATH_SEARCH_PATHS = (
					"$(inherited)",
					"@executable_path/Frameworks",
				);
				PRODUCT_BUNDLE_IDENTIFIER = kuppylee.Carbon;
				PRODUCT_NAME = "$(TARGET_NAME)";
				SWIFT_VERSION = 5.0;
				TARGETED_DEVICE_FAMILY = "1,2";
			};
			name = Release;
		};
/* End XCBuildConfiguration section */

/* Begin XCConfigurationList section */
		B45276E226D36946003DC3C8 /* Build configuration list for PBXProject "Carbon" */ = {
			isa = XCConfigurationList;
			buildConfigurations = (
				B45276F926D36948003DC3C8 /* Debug */,
				B45276FA26D36948003DC3C8 /* Release */,
			);
			defaultConfigurationIsVisible = 0;
			defaultConfigurationName = Release;
		};
		B45276FB26D36948003DC3C8 /* Build configuration list for PBXNativeTarget "Carbon" */ = {
			isa = XCConfigurationList;
			buildConfigurations = (
				B45276FC26D36948003DC3C8 /* Debug */,
				B45276FD26D36948003DC3C8 /* Release */,
			);
			defaultConfigurationIsVisible = 0;
			defaultConfigurationName = Release;
		};
/* End XCConfigurationList section */
	};
	rootObject = B45276DF26D36946003DC3C8 /* Project object */;
}
